
Microsoft Visual Studio Solution File, Format Version 12.00
# Visual Studio 15
VisualStudioVersion = 15.0.26430.16
MinimumVisualStudioVersion = 10.0.40219.1
Project("{D2ABAB84-BF74-430A-B69E-9DC6D40DDA17}") = "ExamenAnalisis", "ExamenAnalisis\ExamenAnalisis.dwproj", "{81D316A4-A302-4099-AC42-EE8B1A5590B9}"
EndProject
Global
	GlobalSection(SolutionConfigurationPlatforms) = preSolution
		Development|Default = Development|Default
	EndGlobalSection
	GlobalSection(ProjectConfigurationPlatforms) = postSolution
		{81D316A4-A302-4099-AC42-EE8B1A5590B9}.Development|Default.ActiveCfg = Development
		{81D316A4-A302-4099-AC42-EE8B1A5590B9}.Development|Default.Build.0 = Development
		{81D316A4-A302-4099-AC42-EE8B1A5590B9}.Development|Default.Deploy.0 = Development
	EndGlobalSection
	GlobalSection(SolutionProperties) = preSolution
		HideSolutionNode = FALSE
	EndGlobalSection
EndGlobal
